
Microsoft Visual Studio Solution File, Format Version 12.00
Project("{FAE04EC0-301F-11D3-BF4B-00C04F79EFBC}") = "CalculoIdade", "CalculoIdade\CalculoIdade.csproj", "{C39A7D59-8361-41C2-95BD-0EC4A235F198}"
EndProject
Global
	GlobalSection(SolutionConfigurationPlatforms) = preSolution
		Debug|Any CPU = Debug|Any CPU
		Release|Any CPU = Release|Any CPU
	EndGlobalSection
	GlobalSection(ProjectConfigurationPlatforms) = postSolution
		{C39A7D59-8361-41C2-95BD-0EC4A235F198}.Debug|Any CPU.ActiveCfg = Debug|Any CPU
		{C39A7D59-8361-41C2-95BD-0EC4A235F198}.Debug|Any CPU.Build.0 = Debug|Any CPU
		{C39A7D59-8361-41C2-95BD-0EC4A235F198}.Release|Any CPU.ActiveCfg = Release|Any CPU
		{C39A7D59-8361-41C2-95BD-0EC4A235F198}.Release|Any CPU.Build.0 = Release|Any CPU
	EndGlobalSection
EndGlobal
